
Microsoft Visual Studio Solution File, Format Version 12.00
# Visual Studio Version 17
VisualStudioVersion = 17.3.32825.248
MinimumVisualStudioVersion = 10.0.40219.1
Project("{FAE04EC0-301F-11D3-BF4B-00C04F79EFBC}") = "WCF_Service", "WCF_Service\WCF_Service.csproj", "{C3A8BBB2-EB8C-49C3-B984-4E7CC6DBCE90}"
EndProject
Global
	GlobalSection(SolutionConfigurationPlatforms) = preSolution
		Debug|Any CPU = Debug|Any CPU
		Release|Any CPU = Release|Any CPU
	EndGlobalSection
	GlobalSection(ProjectConfigurationPlatforms) = postSolution
		{C3A8BBB2-EB8C-49C3-B984-4E7CC6DBCE90}.Debug|Any CPU.ActiveCfg = Debug|Any CPU
		{C3A8BBB2-EB8C-49C3-B984-4E7CC6DBCE90}.Debug|Any CPU.Build.0 = Debug|Any CPU
		{C3A8BBB2-EB8C-49C3-B984-4E7CC6DBCE90}.Release|Any CPU.ActiveCfg = Release|Any CPU
		{C3A8BBB2-EB8C-49C3-B984-4E7CC6DBCE90}.Release|Any CPU.Build.0 = Release|Any CPU
	EndGlobalSection
	GlobalSection(SolutionProperties) = preSolution
		HideSolutionNode = FALSE
	EndGlobalSection
	GlobalSection(ExtensibilityGlobals) = postSolution
		SolutionGuid = {0E0C4FDC-B371-42FB-AFB0-1D2933B24CB6}
	EndGlobalSection
EndGlobal
