
Microsoft Visual Studio Solution File, Format Version 12.00
# Visual Studio Version 17
VisualStudioVersion = 17.3.32825.248
MinimumVisualStudioVersion = 10.0.40219.1
Project("{FAE04EC0-301F-11D3-BF4B-00C04F79EFBC}") = "serial_Generator", "serial_Generator\serial_Generator.csproj", "{CCF068B3-F49E-4CCC-9F7C-DE2C233AD10B}"
EndProject
Global
	GlobalSection(SolutionConfigurationPlatforms) = preSolution
		Debug|Any CPU = Debug|Any CPU
		Release|Any CPU = Release|Any CPU
	EndGlobalSection
	GlobalSection(ProjectConfigurationPlatforms) = postSolution
		{CCF068B3-F49E-4CCC-9F7C-DE2C233AD10B}.Debug|Any CPU.ActiveCfg = Debug|Any CPU
		{CCF068B3-F49E-4CCC-9F7C-DE2C233AD10B}.Debug|Any CPU.Build.0 = Debug|Any CPU
		{CCF068B3-F49E-4CCC-9F7C-DE2C233AD10B}.Release|Any CPU.ActiveCfg = Release|Any CPU
		{CCF068B3-F49E-4CCC-9F7C-DE2C233AD10B}.Release|Any CPU.Build.0 = Release|Any CPU
	EndGlobalSection
	GlobalSection(SolutionProperties) = preSolution
		HideSolutionNode = FALSE
	EndGlobalSection
	GlobalSection(ExtensibilityGlobals) = postSolution
		SolutionGuid = {DA88F03E-6EB1-412F-BC26-BF53FCA7CB76}
	EndGlobalSection
EndGlobal
